PODS:
  - GreedPhotoBrowser (0.1.0):
    - Masonry
    - SDWebImage
  - Masonry (1.0.2)
  - SDWebImage (4.0.0):
    - SDWebImage/Core (= 4.0.0)
  - SDWebImage/Core (4.0.0)

DEPENDENCIES:
  - GreedPhotoBrowser (from `./`)

EXTERNAL SOURCES:
  GreedPhotoBrowser:
    :path: "./"

SPEC CHECKSUMS:
  GreedPhotoBrowser: 11921731b02ab86037b13e4aef50156d7ac9b3ef
  Masonry: 7c429b56da9d4ee0bbb3ed77a5ea710d6a5df39e
  SDWebImage: 76a6348bdc74eb5a55dd08a091ef298e56b55e41

PODFILE CHECKSUM: d749c85c3f13db279ac47a2a1f4e40fa1320babe

COCOAPODS: 1.2.0
